hash: 056e10efbb4fba512ea628e0e31dc51b839ec0b2b7509b61aa1fcda5ebd3618c
updated: 2016-12-13T17:04:13.532382047-08:00
imports:
- name: github.com/stretchr/testify
  version: 69483b4bd14f5845b5a1e55bca19e954e827f1d0
- name: gopkg.in/yaml.v2
  version: a5b47d31c556af34a302ce5d659e6fea44d90de0
testImports: []
